
Microsoft Visual Studio Solution File, Format Version 12.00
# Visual Studio 15
VisualStudioVersion = 15.0.28307.1433
MinimumVisualStudioVersion = 10.0.40219.1
Project("{FAE04EC0-301F-11D3-BF4B-00C04F79EFBC}") = "EmployeeManagement", "EmployeeManagement\EmployeeManagement.csproj", "{8DE54E2E-57F5-4E22-9EB2-F1D43BFD2B88}"
EndProject
Project("{FAE04EC0-301F-11D3-BF4B-00C04F79EFBC}") = "EmployeeManagement.Tests", "EmployeeManagement.Tests\EmployeeManagement.Tests.csproj", "{20534291-D41A-46E1-A761-57ED49CC8571}"
EndProject
Global
	GlobalSection(SolutionConfigurationPlatforms) = preSolution
		Debug|Any CPU = Debug|Any CPU
		Release|Any CPU = Release|Any CPU
	EndGlobalSection
	GlobalSection(ProjectConfigurationPlatforms) = postSolution
		{8DE54E2E-57F5-4E22-9EB2-F1D43BFD2B88}.Debug|Any CPU.ActiveCfg = Debug|Any CPU
		{8DE54E2E-57F5-4E22-9EB2-F1D43BFD2B88}.Debug|Any CPU.Build.0 = Debug|Any CPU
		{8DE54E2E-57F5-4E22-9EB2-F1D43BFD2B88}.Release|Any CPU.ActiveCfg = Release|Any CPU
		{8DE54E2E-57F5-4E22-9EB2-F1D43BFD2B88}.Release|Any CPU.Build.0 = Release|Any CPU
		{20534291-D41A-46E1-A761-57ED49CC8571}.Debug|Any CPU.ActiveCfg = Debug|Any CPU
		{20534291-D41A-46E1-A761-57ED49CC8571}.Debug|Any CPU.Build.0 = Debug|Any CPU
		{20534291-D41A-46E1-A761-57ED49CC8571}.Release|Any CPU.ActiveCfg = Release|Any CPU
		{20534291-D41A-46E1-A761-57ED49CC8571}.Release|Any CPU.Build.0 = Release|Any CPU
	EndGlobalSection
	GlobalSection(SolutionProperties) = preSolution
		HideSolutionNode = FALSE
	EndGlobalSection
	GlobalSection(ExtensibilityGlobals) = postSolution
		SolutionGuid = {4842BAB2-22EB-4FE4-9411-24365078F1AE}
	EndGlobalSection
EndGlobal
